
Microsoft Visual Studio Solution File, Format Version 12.00
# Visual Studio Version 16
VisualStudioVersion = 25.0.1704.2
MinimumVisualStudioVersion = 10.0.40219.1
Project("{FAE04EC0-301F-11D3-BF4B-00C04F79EFBC}") = "242.ValidAnagram", "242.ValidAnagram.csproj", "{BA805ADA-84B2-4910-ABA6-5B4849048C78}"
EndProject
Global
	GlobalSection(SolutionConfigurationPlatforms) = preSolution
		Debug|Any CPU = Debug|Any CPU
		Release|Any CPU = Release|Any CPU
	EndGlobalSection
	GlobalSection(ProjectConfigurationPlatforms) = postSolution
		{BA805ADA-84B2-4910-ABA6-5B4849048C78}.Debug|Any CPU.ActiveCfg = Debug|Any CPU
		{BA805ADA-84B2-4910-ABA6-5B4849048C78}.Debug|Any CPU.Build.0 = Debug|Any CPU
		{BA805ADA-84B2-4910-ABA6-5B4849048C78}.Release|Any CPU.ActiveCfg = Release|Any CPU
		{BA805ADA-84B2-4910-ABA6-5B4849048C78}.Release|Any CPU.Build.0 = Release|Any CPU
	EndGlobalSection
	GlobalSection(SolutionProperties) = preSolution
		HideSolutionNode = FALSE
	EndGlobalSection
	GlobalSection(ExtensibilityGlobals) = postSolution
		SolutionGuid = {9E4C1E98-5216-4329-B675-DC8C00A65447}
	EndGlobalSection
EndGlobal
