
Microsoft Visual Studio Solution File, Format Version 12.00
# Visual Studio Version 16
VisualStudioVersion = 25.0.1704.2
MinimumVisualStudioVersion = 10.0.40219.1
Project("{FAE04EC0-301F-11D3-BF4B-00C04F79EFBC}") = "70.ClimbingStairs", "70.ClimbingStairs.csproj", "{DFA02F69-367C-41EC-A7B4-269F2C0BEED8}"
EndProject
Global
	GlobalSection(SolutionConfigurationPlatforms) = preSolution
		Debug|Any CPU = Debug|Any CPU
		Release|Any CPU = Release|Any CPU
	EndGlobalSection
	GlobalSection(ProjectConfigurationPlatforms) = postSolution
		{DFA02F69-367C-41EC-A7B4-269F2C0BEED8}.Debug|Any CPU.ActiveCfg = Debug|Any CPU
		{DFA02F69-367C-41EC-A7B4-269F2C0BEED8}.Debug|Any CPU.Build.0 = Debug|Any CPU
		{DFA02F69-367C-41EC-A7B4-269F2C0BEED8}.Release|Any CPU.ActiveCfg = Release|Any CPU
		{DFA02F69-367C-41EC-A7B4-269F2C0BEED8}.Release|Any CPU.Build.0 = Release|Any CPU
	EndGlobalSection
	GlobalSection(SolutionProperties) = preSolution
		HideSolutionNode = FALSE
	EndGlobalSection
	GlobalSection(ExtensibilityGlobals) = postSolution
		SolutionGuid = {B333106C-469E-4A9C-8173-619E568E7881}
	EndGlobalSection
EndGlobal
