
Microsoft Visual Studio Solution File, Format Version 12.00
# Visual Studio Version 16
VisualStudioVersion = 25.0.1704.2
MinimumVisualStudioVersion = 10.0.40219.1
Project("{FAE04EC0-301F-11D3-BF4B-00C04F79EFBC}") = "4!.Silnia", "4!.Silnia.csproj", "{DBE398D6-E73C-43DE-BA18-7EDADDEF7A64}"
EndProject
Global
	GlobalSection(SolutionConfigurationPlatforms) = preSolution
		Debug|Any CPU = Debug|Any CPU
		Release|Any CPU = Release|Any CPU
	EndGlobalSection
	GlobalSection(ProjectConfigurationPlatforms) = postSolution
		{DBE398D6-E73C-43DE-BA18-7EDADDEF7A64}.Debug|Any CPU.ActiveCfg = Debug|Any CPU
		{DBE398D6-E73C-43DE-BA18-7EDADDEF7A64}.Debug|Any CPU.Build.0 = Debug|Any CPU
		{DBE398D6-E73C-43DE-BA18-7EDADDEF7A64}.Release|Any CPU.ActiveCfg = Release|Any CPU
		{DBE398D6-E73C-43DE-BA18-7EDADDEF7A64}.Release|Any CPU.Build.0 = Release|Any CPU
	EndGlobalSection
	GlobalSection(SolutionProperties) = preSolution
		HideSolutionNode = FALSE
	EndGlobalSection
	GlobalSection(ExtensibilityGlobals) = postSolution
		SolutionGuid = {992BC604-C821-47FD-888E-2968388F5F31}
	EndGlobalSection
EndGlobal
