
Microsoft Visual Studio Solution File, Format Version 12.00
# Visual Studio Version 16
VisualStudioVersion = 25.0.1704.2
MinimumVisualStudioVersion = 10.0.40219.1
Project("{FAE04EC0-301F-11D3-BF4B-00C04F79EFBC}") = "169.MajorityElement", "169.MajorityElement.csproj", "{F670A610-15D7-4818-A79B-D48D9CA8E5C6}"
EndProject
Global
	GlobalSection(SolutionConfigurationPlatforms) = preSolution
		Debug|Any CPU = Debug|Any CPU
		Release|Any CPU = Release|Any CPU
	EndGlobalSection
	GlobalSection(ProjectConfigurationPlatforms) = postSolution
		{F670A610-15D7-4818-A79B-D48D9CA8E5C6}.Debug|Any CPU.ActiveCfg = Debug|Any CPU
		{F670A610-15D7-4818-A79B-D48D9CA8E5C6}.Debug|Any CPU.Build.0 = Debug|Any CPU
		{F670A610-15D7-4818-A79B-D48D9CA8E5C6}.Release|Any CPU.ActiveCfg = Release|Any CPU
		{F670A610-15D7-4818-A79B-D48D9CA8E5C6}.Release|Any CPU.Build.0 = Release|Any CPU
	EndGlobalSection
	GlobalSection(SolutionProperties) = preSolution
		HideSolutionNode = FALSE
	EndGlobalSection
	GlobalSection(ExtensibilityGlobals) = postSolution
		SolutionGuid = {E54F61AC-8993-4DA4-A19B-0BA0E20CEE13}
	EndGlobalSection
EndGlobal
