
Microsoft Visual Studio Solution File, Format Version 12.00
# Visual Studio Version 16
VisualStudioVersion = 25.0.1704.2
MinimumVisualStudioVersion = 10.0.40219.1
Project("{FAE04EC0-301F-11D3-BF4B-00C04F79EFBC}") = "350.IntersectionOfTwoArraysII", "350.IntersectionOfTwoArraysII.csproj", "{12CFF399-FC4A-4F7C-B5B5-E0A9AF51F30C}"
EndProject
Global
	GlobalSection(SolutionConfigurationPlatforms) = preSolution
		Debug|Any CPU = Debug|Any CPU
		Release|Any CPU = Release|Any CPU
	EndGlobalSection
	GlobalSection(ProjectConfigurationPlatforms) = postSolution
		{12CFF399-FC4A-4F7C-B5B5-E0A9AF51F30C}.Debug|Any CPU.ActiveCfg = Debug|Any CPU
		{12CFF399-FC4A-4F7C-B5B5-E0A9AF51F30C}.Debug|Any CPU.Build.0 = Debug|Any CPU
		{12CFF399-FC4A-4F7C-B5B5-E0A9AF51F30C}.Release|Any CPU.ActiveCfg = Release|Any CPU
		{12CFF399-FC4A-4F7C-B5B5-E0A9AF51F30C}.Release|Any CPU.Build.0 = Release|Any CPU
	EndGlobalSection
	GlobalSection(SolutionProperties) = preSolution
		HideSolutionNode = FALSE
	EndGlobalSection
	GlobalSection(ExtensibilityGlobals) = postSolution
		SolutionGuid = {BC048772-00EC-493E-8C3C-D53ACE64B0EB}
	EndGlobalSection
EndGlobal
