
Microsoft Visual Studio Solution File, Format Version 12.00
# Visual Studio Version 16
VisualStudioVersion = 25.0.1704.2
MinimumVisualStudioVersion = 10.0.40219.1
Project("{FAE04EC0-301F-11D3-BF4B-00C04F79EFBC}") = "283.MoveZeroes", "283.MoveZeroes.csproj", "{ECE3A3A4-B36C-469B-B692-410D6C3C9EEC}"
EndProject
Global
	GlobalSection(SolutionConfigurationPlatforms) = preSolution
		Debug|Any CPU = Debug|Any CPU
		Release|Any CPU = Release|Any CPU
	EndGlobalSection
	GlobalSection(ProjectConfigurationPlatforms) = postSolution
		{ECE3A3A4-B36C-469B-B692-410D6C3C9EEC}.Debug|Any CPU.ActiveCfg = Debug|Any CPU
		{ECE3A3A4-B36C-469B-B692-410D6C3C9EEC}.Debug|Any CPU.Build.0 = Debug|Any CPU
		{ECE3A3A4-B36C-469B-B692-410D6C3C9EEC}.Release|Any CPU.ActiveCfg = Release|Any CPU
		{ECE3A3A4-B36C-469B-B692-410D6C3C9EEC}.Release|Any CPU.Build.0 = Release|Any CPU
	EndGlobalSection
	GlobalSection(SolutionProperties) = preSolution
		HideSolutionNode = FALSE
	EndGlobalSection
	GlobalSection(ExtensibilityGlobals) = postSolution
		SolutionGuid = {48696C9D-C924-4A44-9443-AC3BE3506B6D}
	EndGlobalSection
EndGlobal
